
Microsoft Visual Studio Solution File, Format Version 12.00
# Visual Studio 15
VisualStudioVersion = 15.0.27130.2010
MinimumVisualStudioVersion = 10.0.40219.1
Project("{FAE04EC0-301F-11D3-BF4B-00C04F79EFBC}") = "VendingMachineApp", "VendingMachine\VendingMachineApp\VendingMachineApp.csproj", "{295A4998-25D3-4AF2-89C3-0D736073DE82}"
EndProject
Project("{FAE04EC0-301F-11D3-BF4B-00C04F79EFBC}") = "VendingMachineApp.Tests", "VendingMachine\VendingMachineApp.Tests\VendingMachineApp.Tests.csproj", "{06764C6E-7CA1-467B-A117-CD82BE082B3A}"
EndProject
Global
	GlobalSection(SolutionConfigurationPlatforms) = preSolution
		Debug|Any CPU = Debug|Any CPU
		Release|Any CPU = Release|Any CPU
	EndGlobalSection
	GlobalSection(ProjectConfigurationPlatforms) = postSolution
		{295A4998-25D3-4AF2-89C3-0D736073DE82}.Debug|Any CPU.ActiveCfg = Debug|Any CPU
		{295A4998-25D3-4AF2-89C3-0D736073DE82}.Debug|Any CPU.Build.0 = Debug|Any CPU
		{295A4998-25D3-4AF2-89C3-0D736073DE82}.Release|Any CPU.ActiveCfg = Release|Any CPU
		{295A4998-25D3-4AF2-89C3-0D736073DE82}.Release|Any CPU.Build.0 = Release|Any CPU
		{06764C6E-7CA1-467B-A117-CD82BE082B3A}.Debug|Any CPU.ActiveCfg = Debug|Any CPU
		{06764C6E-7CA1-467B-A117-CD82BE082B3A}.Debug|Any CPU.Build.0 = Debug|Any CPU
		{06764C6E-7CA1-467B-A117-CD82BE082B3A}.Release|Any CPU.ActiveCfg = Release|Any CPU
		{06764C6E-7CA1-467B-A117-CD82BE082B3A}.Release|Any CPU.Build.0 = Release|Any CPU
	EndGlobalSection
	GlobalSection(SolutionProperties) = preSolution
		HideSolutionNode = FALSE
	EndGlobalSection
	GlobalSection(ExtensibilityGlobals) = postSolution
		SolutionGuid = {CE7AE1AF-7B1B-4476-82F5-A574D661DB61}
	EndGlobalSection
EndGlobal
